
Microsoft Visual Studio Solution File, Format Version 12.00
# Visual Studio Version 17
VisualStudioVersion = 17.0.31903.59
MinimumVisualStudioVersion = 10.0.40219.1
Project("{FAE04EC0-301F-11D3-BF4B-00C04F79EFBC}") = "mobster-backend", "mobster-backend\mobster-backend.csproj", "{E11D0361-3AFB-4412-80BF-5218ABA72948}"
EndProject
Global
	GlobalSection(SolutionConfigurationPlatforms) = preSolution
		Debug|Any CPU = Debug|Any CPU
		Release|Any CPU = Release|Any CPU
	EndGlobalSection
	GlobalSection(ProjectConfigurationPlatforms) = postSolution
		{E11D0361-3AFB-4412-80BF-5218ABA72948}.Debug|Any CPU.ActiveCfg = Debug|Any CPU
		{E11D0361-3AFB-4412-80BF-5218ABA72948}.Debug|Any CPU.Build.0 = Debug|Any CPU
		{E11D0361-3AFB-4412-80BF-5218ABA72948}.Release|Any CPU.ActiveCfg = Release|Any CPU
		{E11D0361-3AFB-4412-80BF-5218ABA72948}.Release|Any CPU.Build.0 = Release|Any CPU
	EndGlobalSection
	GlobalSection(SolutionProperties) = preSolution
		HideSolutionNode = FALSE
	EndGlobalSection
	GlobalSection(ExtensibilityGlobals) = postSolution
		SolutionGuid = {398470BC-6F1C-4D2E-8AC8-C24A22567E9D}
	EndGlobalSection
EndGlobal
